
Microsoft Visual Studio Solution File, Format Version 12.00
# Visual Studio Version 17
VisualStudioVersion = 17.4.33122.133
MinimumVisualStudioVersion = 10.0.40219.1
Project("{FAE04EC0-301F-11D3-BF4B-00C04F79EFBC}") = "RegExMatching", "RegExMatching\RegExMatching.csproj", "{45983135-128B-4F65-B0BC-24E8B457278E}"
EndProject
Project("{FAE04EC0-301F-11D3-BF4B-00C04F79EFBC}") = "RegExMatching.Tests", "regexmatching.tests\RegExMatching.Tests.csproj", "{C87D5399-BDF6-431E-8C8D-4C240C307944}"
EndProject
Global
	GlobalSection(SolutionConfigurationPlatforms) = preSolution
		Debug|Any CPU = Debug|Any CPU
		Release|Any CPU = Release|Any CPU
	EndGlobalSection
	GlobalSection(ProjectConfigurationPlatforms) = postSolution
		{45983135-128B-4F65-B0BC-24E8B457278E}.Debug|Any CPU.ActiveCfg = Debug|Any CPU
		{45983135-128B-4F65-B0BC-24E8B457278E}.Debug|Any CPU.Build.0 = Debug|Any CPU
		{45983135-128B-4F65-B0BC-24E8B457278E}.Release|Any CPU.ActiveCfg = Release|Any CPU
		{45983135-128B-4F65-B0BC-24E8B457278E}.Release|Any CPU.Build.0 = Release|Any CPU
		{C87D5399-BDF6-431E-8C8D-4C240C307944}.Debug|Any CPU.ActiveCfg = Debug|Any CPU
		{C87D5399-BDF6-431E-8C8D-4C240C307944}.Debug|Any CPU.Build.0 = Debug|Any CPU
		{C87D5399-BDF6-431E-8C8D-4C240C307944}.Release|Any CPU.ActiveCfg = Release|Any CPU
		{C87D5399-BDF6-431E-8C8D-4C240C307944}.Release|Any CPU.Build.0 = Release|Any CPU
	EndGlobalSection
	GlobalSection(SolutionProperties) = preSolution
		HideSolutionNode = FALSE
	EndGlobalSection
	GlobalSection(ExtensibilityGlobals) = postSolution
		SolutionGuid = {5020E32E-888B-42D2-BE4D-B551E993A45A}
	EndGlobalSection
EndGlobal
